
Microsoft Visual Studio Solution File, Format Version 12.00
# Visual Studio Version 17
VisualStudioVersion = 17.8.34525.116
MinimumVisualStudioVersion = 10.0.40219.1
Project("{FAE04EC0-301F-11D3-BF4B-00C04F79EFBC}") = "WebLearnMVC", "WebLearnMVC\WebLearnMVC.csproj", "{05738829-E287-4511-950F-B6FD4CA57FD1}"
EndProject
Global
	GlobalSection(SolutionConfigurationPlatforms) = preSolution
		Debug|Any CPU = Debug|Any CPU
		Release|Any CPU = Release|Any CPU
	EndGlobalSection
	GlobalSection(ProjectConfigurationPlatforms) = postSolution
		{05738829-E287-4511-950F-B6FD4CA57FD1}.Debug|Any CPU.ActiveCfg = Debug|Any CPU
		{05738829-E287-4511-950F-B6FD4CA57FD1}.Debug|Any CPU.Build.0 = Debug|Any CPU
		{05738829-E287-4511-950F-B6FD4CA57FD1}.Release|Any CPU.ActiveCfg = Release|Any CPU
		{05738829-E287-4511-950F-B6FD4CA57FD1}.Release|Any CPU.Build.0 = Release|Any CPU
	EndGlobalSection
	GlobalSection(SolutionProperties) = preSolution
		HideSolutionNode = FALSE
	EndGlobalSection
	GlobalSection(ExtensibilityGlobals) = postSolution
		SolutionGuid = {AE6EDC34-C6E1-4828-BA94-51FE9FFD7FB7}
	EndGlobalSection
EndGlobal
